
Microsoft Visual Studio Solution File, Format Version 12.00
# Visual Studio Version 16
VisualStudioVersion = 16.0.29709.97
MinimumVisualStudioVersion = 10.0.40219.1
Project("{9092AA53-FB77-4645-B42D-1CCCA6BD08BD}") = "Regex-01", "Regex-01\Regex-01.njsproj", "{846885EE-7B7B-4433-BF20-BE94890993CD}"
EndProject
Global
	GlobalSection(SolutionConfigurationPlatforms) = preSolution
		Debug|Any CPU = Debug|Any CPU
		Release|Any CPU = Release|Any CPU
	EndGlobalSection
	GlobalSection(ProjectConfigurationPlatforms) = postSolution
		{846885EE-7B7B-4433-BF20-BE94890993CD}.Debug|Any CPU.ActiveCfg = Debug|Any CPU
		{846885EE-7B7B-4433-BF20-BE94890993CD}.Debug|Any CPU.Build.0 = Debug|Any CPU
		{846885EE-7B7B-4433-BF20-BE94890993CD}.Release|Any CPU.ActiveCfg = Release|Any CPU
		{846885EE-7B7B-4433-BF20-BE94890993CD}.Release|Any CPU.Build.0 = Release|Any CPU
	EndGlobalSection
	GlobalSection(SolutionProperties) = preSolution
		HideSolutionNode = FALSE
	EndGlobalSection
	GlobalSection(ExtensibilityGlobals) = postSolution
		SolutionGuid = {428C64B5-CFDC-4878-8F7E-9749B8C0CBF4}
	EndGlobalSection
EndGlobal
